
Microsoft Visual Studio Solution File, Format Version 12.00
# Visual Studio Version 17
VisualStudioVersion = 17.11.35327.3
MinimumVisualStudioVersion = 10.0.40219.1
Project("{888888A0-9F3D-457C-B088-3A5042F75D52}") = "renderer", "renderer.pyproj", "{BA1CBCCA-FA5E-4399-9AFF-3DA17BB71864}"
EndProject
Global
	GlobalSection(SolutionConfigurationPlatforms) = preSolution
		Debug|Any CPU = Debug|Any CPU
		Release|Any CPU = Release|Any CPU
	EndGlobalSection
	GlobalSection(ProjectConfigurationPlatforms) = postSolution
		{BA1CBCCA-FA5E-4399-9AFF-3DA17BB71864}.Debug|Any CPU.ActiveCfg = Debug|Any CPU
		{BA1CBCCA-FA5E-4399-9AFF-3DA17BB71864}.Release|Any CPU.ActiveCfg = Release|Any CPU
	EndGlobalSection
	GlobalSection(SolutionProperties) = preSolution
		HideSolutionNode = FALSE
	EndGlobalSection
	GlobalSection(ExtensibilityGlobals) = postSolution
		SolutionGuid = {DC55088B-35AF-473E-AE35-B96715B692D1}
	EndGlobalSection
EndGlobal
