
Microsoft Visual Studio Solution File, Format Version 12.00
# Visual Studio Version 17
VisualStudioVersion = 17.11.35327.3
MinimumVisualStudioVersion = 10.0.40219.1
Project("{888888A0-9F3D-457C-B088-3A5042F75D52}") = "input_handler", "input_handler.pyproj", "{E5027D34-C010-4836-B6AE-DEA2194D8979}"
EndProject
Global
	GlobalSection(SolutionConfigurationPlatforms) = preSolution
		Debug|Any CPU = Debug|Any CPU
		Release|Any CPU = Release|Any CPU
	EndGlobalSection
	GlobalSection(ProjectConfigurationPlatforms) = postSolution
		{E5027D34-C010-4836-B6AE-DEA2194D8979}.Debug|Any CPU.ActiveCfg = Debug|Any CPU
		{E5027D34-C010-4836-B6AE-DEA2194D8979}.Release|Any CPU.ActiveCfg = Release|Any CPU
	EndGlobalSection
	GlobalSection(SolutionProperties) = preSolution
		HideSolutionNode = FALSE
	EndGlobalSection
	GlobalSection(ExtensibilityGlobals) = postSolution
		SolutionGuid = {04DFB1E8-22EF-4E90-BE43-E6CFC529479F}
	EndGlobalSection
EndGlobal
